
Microsoft Visual Studio Solution File, Format Version 12.00
# Visual Studio Version 17
VisualStudioVersion = 17.3.32901.215
MinimumVisualStudioVersion = 10.0.40219.1
Project("{FAE04EC0-301F-11D3-BF4B-00C04F79EFBC}") = "RaulMahya", "RaulMahya\RaulMahya.csproj", "{2D8839C4-2416-4363-AC30-DBCE4D255ACC}"
EndProject
Global
	GlobalSection(SolutionConfigurationPlatforms) = preSolution
		Debug|Any CPU = Debug|Any CPU
		Release|Any CPU = Release|Any CPU
	EndGlobalSection
	GlobalSection(ProjectConfigurationPlatforms) = postSolution
		{2D8839C4-2416-4363-AC30-DBCE4D255ACC}.Debug|Any CPU.ActiveCfg = Debug|Any CPU
		{2D8839C4-2416-4363-AC30-DBCE4D255ACC}.Debug|Any CPU.Build.0 = Debug|Any CPU
		{2D8839C4-2416-4363-AC30-DBCE4D255ACC}.Release|Any CPU.ActiveCfg = Release|Any CPU
		{2D8839C4-2416-4363-AC30-DBCE4D255ACC}.Release|Any CPU.Build.0 = Release|Any CPU
	EndGlobalSection
	GlobalSection(SolutionProperties) = preSolution
		HideSolutionNode = FALSE
	EndGlobalSection
	GlobalSection(ExtensibilityGlobals) = postSolution
		SolutionGuid = {02F5F218-0AF2-447D-8EC9-8EA37BAF77F7}
	EndGlobalSection
EndGlobal
